
Microsoft Visual Studio Solution File, Format Version 12.00
# Visual Studio Version 17
VisualStudioVersion = 17.6.33723.286
MinimumVisualStudioVersion = 10.0.40219.1
Project("{FAE04EC0-301F-11D3-BF4B-00C04F79EFBC}") = "WebVisionAI", "WebVisionAI.csproj", "{6B596636-501D-4966-85D2-F89B1A00B919}"
EndProject
Global
	GlobalSection(SolutionConfigurationPlatforms) = preSolution
		Debug|Any CPU = Debug|Any CPU
		Release|Any CPU = Release|Any CPU
	EndGlobalSection
	GlobalSection(ProjectConfigurationPlatforms) = postSolution
		{6B596636-501D-4966-85D2-F89B1A00B919}.Debug|Any CPU.ActiveCfg = Debug|Any CPU
		{6B596636-501D-4966-85D2-F89B1A00B919}.Debug|Any CPU.Build.0 = Debug|Any CPU
		{6B596636-501D-4966-85D2-F89B1A00B919}.Release|Any CPU.ActiveCfg = Release|Any CPU
		{6B596636-501D-4966-85D2-F89B1A00B919}.Release|Any CPU.Build.0 = Release|Any CPU
	EndGlobalSection
	GlobalSection(SolutionProperties) = preSolution
		HideSolutionNode = FALSE
	EndGlobalSection
	GlobalSection(ExtensibilityGlobals) = postSolution
		SolutionGuid = {66DCFE66-1EC3-429B-895F-471EDB37F87A}
	EndGlobalSection
EndGlobal
